{
  "name": "glory-hole-ui",
  "version": "0.10.9",
  "lockfileVersion": 3,
  "requires": true,
  "packages": {
    "": {
      "name": "glory-hole-ui",
      "version": "0.10.9",
      "dependencies": {
        "@fontsource/jetbrains-mono": "^5.0.18",
        "@fontsource/space-grotesk": "^5.0.20",
        "chart.js": "^4.4.5",
        "htmx.org": "^1.9.12",
        "idiomorph": "^0.3.0"
      },
      "devDependencies": {}
    },
    "node_modules/@fontsource/jetbrains-mono": {
      "version": "5.2.8",
      "resolved": "https://registry.npmjs.org/@fontsource/jetbrains-mono/-/jetbrains-mono-5.2.8.tgz",
      "integrity": "sha512-6w8/SG4kqvIMu7xd7wt6x3idn1Qux3p9N62s6G3rfldOUYHpWcc2FKrqf+Vo44jRvqWj2oAtTHrZXEP23oSKwQ==",
      "license": "OFL-1.1",
      "funding": {
        "url": "https://github.com/sponsors/ayuhito"
      }
    },
    "node_modules/@fontsource/space-grotesk": {
      "version": "5.2.10",
      "resolved": "https://registry.npmjs.org/@fontsource/space-grotesk/-/space-grotesk-5.2.10.tgz",
      "integrity": "sha512-XNXEbT74OIITPqw2H6HXwPDp85fy43uxfBwFR5PU+9sLnjuLj12KlhVM9nZVN6q6dlKjkuN8JisW/OBxwxgUew==",
      "license": "OFL-1.1",
      "funding": {
        "url": "https://github.com/sponsors/ayuhito"
      }
    },
    "node_modules/@kurkle/color": {
      "version": "0.3.4",
      "resolved": "https://registry.npmjs.org/@kurkle/color/-/color-0.3.4.tgz",
      "integrity": "sha512-M5UknZPHRu3DEDWoipU6sE8PdkZ6Z/S+v4dD+Ke8IaNlpdSQah50lz1KtcFBa2vsdOnwbbnxJwVM4wty6udA5w==",
      "license": "MIT"
    },
    "node_modules/chart.js": {
      "version": "4.5.1",
      "resolved": "https://registry.npmjs.org/chart.js/-/chart.js-4.5.1.tgz",
      "integrity": "sha512-GIjfiT9dbmHRiYi6Nl2yFCq7kkwdkp1W/lp2J99rX0yo9tgJGn3lKQATztIjb5tVtevcBtIdICNWqlq5+E8/Pw==",
      "license": "MIT",
      "dependencies": {
        "@kurkle/color": "^0.3.0"
      },
      "engines": {
        "pnpm": ">=8"
      }
    },
    "node_modules/htmx.org": {
      "version": "1.9.12",
      "resolved": "https://registry.npmjs.org/htmx.org/-/htmx.org-1.9.12.tgz",
      "integrity": "sha512-VZAohXyF7xPGS52IM8d1T1283y+X4D+Owf3qY1NZ9RuBypyu9l8cGsxUMAG5fEAb/DhT7rDoJ9Hpu5/HxFD3cw==",
      "license": "0BSD"
    },
    "node_modules/idiomorph": {
      "version": "0.3.0",
      "resolved": "https://registry.npmjs.org/idiomorph/-/idiomorph-0.3.0.tgz",
      "integrity": "sha512-UhV1Ey5xCxIwR9B+OgIjQa+1Jx99XQ1vQHUsKBU1RpQzCx1u+b+N6SOXgf5mEJDqemUI/ffccu6+71l2mJUsRA==",
      "license": "BSD 2-Clause"
    }
  }
}
